// !$*UTF8*$!
{
	archiveVersion = 1;
	classes = {
	};
	objectVersion = 46;
	objects = {

/* Begin PBXBuildFile section */
		3B18D58A1E56AFAE00E726E3 /* StringsTests.swift in Sources */ = {isa = PBXBuildFile; fileRef = 3B18D5891E56AFAE00E726E3 /* StringsTests.swift */; };
		3B18D5D01E56B40200E726E3 /* ChromaticNote.swift in Sources */ = {isa = PBXBuildFile; fileRef = 3B33C8821E4E717900CE2D98 /* ChromaticNote.swift */; };
		3B18D5D11E56B40200E726E3 /* DiatonicNote.swift in Sources */ = {isa = PBXBuildFile; fileRef = 3BF744B71E4FEF5500BBFB7D /* DiatonicNote.swift */; };
		3B18D5D21E56B40200E726E3 /* Alteration.swift in Sources */ = {isa = PBXBuildFile; fileRef = 3BF744B91E4FEFEF00BBFB7D /* Alteration.swift */; };
		3B18D5D31E56B40200E726E3 /* Chord.swift in Sources */ = {isa = PBXBuildFile; fileRef = 3BF744BD1E505AFF00BBFB7D /* Chord.swift */; };
		3B18D5D41E56B40200E726E3 /* Quality.swift in Sources */ = {isa = PBXBuildFile; fileRef = 3BD99D4E1E505F3A00767519 /* Quality.swift */; };
		3B18D5D51E56B40200E726E3 /* Progression.swift in Sources */ = {isa = PBXBuildFile; fileRef = 3BD99D501E5066AF00767519 /* Progression.swift */; };
		3B18D5D61E56B40200E726E3 /* Pattern.swift in Sources */ = {isa = PBXBuildFile; fileRef = 3B99A69C1E2DDC6C00D4B088 /* Pattern.swift */; };
		3B18D5D71E56B40200E726E3 /* Scales.swift in Sources */ = {isa = PBXBuildFile; fileRef = 3BFAE6DF1E24AF2000C049DF /* Scales.swift */; };
		3B2BD8CE1E39AB44008188E7 /* Types.swift in Sources */ = {isa = PBXBuildFile; fileRef = 3B2BD8CD1E39AB44008188E7 /* Types.swift */; };
		3B33C8811E4E645600CE2D98 /* ColorMap.swift in Sources */ = {isa = PBXBuildFile; fileRef = 3B33C8801E4E645600CE2D98 /* ColorMap.swift */; };
		3B33C8831E4E717900CE2D98 /* ChromaticNote.swift in Sources */ = {isa = PBXBuildFile; fileRef = 3B33C8821E4E717900CE2D98 /* ChromaticNote.swift */; };
		3B390F8A1E557DCF00612772 /* NoteView.swift in Sources */ = {isa = PBXBuildFile; fileRef = 3B390F891E557DCF00612772 /* NoteView.swift */; };
		3B99A69D1E2DDC6D00D4B088 /* Pattern.swift in Sources */ = {isa = PBXBuildFile; fileRef = 3B99A69C1E2DDC6C00D4B088 /* Pattern.swift */; };
		3BD99D4F1E505F3A00767519 /* Quality.swift in Sources */ = {isa = PBXBuildFile; fileRef = 3BD99D4E1E505F3A00767519 /* Quality.swift */; };
		3BD99D511E5066AF00767519 /* Progression.swift in Sources */ = {isa = PBXBuildFile; fileRef = 3BD99D501E5066AF00767519 /* Progression.swift */; };
		3BF744B81E4FEF5500BBFB7D /* DiatonicNote.swift in Sources */ = {isa = PBXBuildFile; fileRef = 3BF744B71E4FEF5500BBFB7D /* DiatonicNote.swift */; };
		3BF744BA1E4FEFEF00BBFB7D /* Alteration.swift in Sources */ = {isa = PBXBuildFile; fileRef = 3BF744B91E4FEFEF00BBFB7D /* Alteration.swift */; };
		3BF744BC1E4FF01600BBFB7D /* Utilities.swift in Sources */ = {isa = PBXBuildFile; fileRef = 3BF744BB1E4FF01600BBFB7D /* Utilities.swift */; };
		3BF744BE1E505AFF00BBFB7D /* Chord.swift in Sources */ = {isa = PBXBuildFile; fileRef = 3BF744BD1E505AFF00BBFB7D /* Chord.swift */; };
		3BFAE6AB1E248C6E00C049DF /* AppDelegate.swift in Sources */ = {isa = PBXBuildFile; fileRef = 3BFAE6AA1E248C6E00C049DF /* AppDelegate.swift */; };
		3BFAE6AE1E248C6E00C049DF /* Strings.xcdatamodeld in Sources */ = {isa = PBXBuildFile; fileRef = 3BFAE6AC1E248C6E00C049DF /* Strings.xcdatamodeld */; };
		3BFAE6B01E248C6E00C049DF /* MasterViewController.swift in Sources */ = {isa = PBXBuildFile; fileRef = 3BFAE6AF1E248C6E00C049DF /* MasterViewController.swift */; };
		3BFAE6B21E248C6E00C049DF /* DetailViewController.swift in Sources */ = {isa = PBXBuildFile; fileRef = 3BFAE6B11E248C6E00C049DF /* DetailViewController.swift */; };
		3BFAE6B51E248C6E00C049DF /* Main.storyboard in Resources */ = {isa = PBXBuildFile; fileRef = 3BFAE6B31E248C6E00C049DF /* Main.storyboard */; };
		3BFAE6B71E248C6E00C049DF /* Assets.xcassets in Resources */ = {isa = PBXBuildFile; fileRef = 3BFAE6B61E248C6E00C049DF /* Assets.xcassets */; };
		3BFAE6BA1E248C6E00C049DF /* LaunchScreen.storyboard in Resources */ = {isa = PBXBuildFile; fileRef = 3BFAE6B81E248C6E00C049DF /* LaunchScreen.storyboard */; };
		3BFAE6DE1E248D4400C049DF /* StringsView.swift in Sources */ = {isa = PBXBuildFile; fileRef = 3BFAE6DD1E248D4400C049DF /* StringsView.swift */; };
		3BFAE6E01E24AF2000C049DF /* Scales.swift in Sources */ = {isa = PBXBuildFile; fileRef = 3BFAE6DF1E24AF2000C049DF /* Scales.swift */; };
/* End PBXBuildFile section */

/* Begin PBXContainerItemProxy section */
		3B18D58C1E56AFAE00E726E3 /* PBXContainerItemProxy */ = {
			isa = PBXContainerItemProxy;
			containerPortal = 3BFAE69F1E248C6E00C049DF /* Project object */;
			proxyType = 1;
			remoteGlobalIDString = 3BFAE6A61E248C6E00C049DF;
			remoteInfo = Strings;
		};
/* End PBXContainerItemProxy section */

/* Begin PBXFileReference section */
		3B18D5871E56AFAE00E726E3 /* StringsTests.xctest */ = {isa = PBXFileReference; explicitFileType = wrapper.cfbundle; includeInIndex = 0; path = StringsTests.xctest; sourceTree = BUILT_PRODUCTS_DIR; };
		3B18D5891E56AFAE00E726E3 /* StringsTests.swift */ = {isa = PBXFileReference; lastKnownFileType = sourcecode.swift; path = StringsTests.swift; sourceTree = "<group>"; };
		3B18D58B1E56AFAE00E726E3 /* Info.plist */ = {isa = PBXFileReference; lastKnownFileType = text.plist.xml; path = Info.plist; sourceTree = "<group>"; };
		3B2BD8CD1E39AB44008188E7 /* Types.swift */ = {isa = PBXFileReference; fileEncoding = 4; lastKnownFileType = sourcecode.swift; path = Types.swift; sourceTree = "<group>"; };
		3B33C8801E4E645600CE2D98 /* ColorMap.swift */ = {isa = PBXFileReference; fileEncoding = 4; lastKnownFileType = sourcecode.swift; path = ColorMap.swift; sourceTree = "<group>"; };
		3B33C8821E4E717900CE2D98 /* ChromaticNote.swift */ = {isa = PBXFileReference; fileEncoding = 4; lastKnownFileType = sourcecode.swift; path = ChromaticNote.swift; sourceTree = "<group>"; };
		3B390F891E557DCF00612772 /* NoteView.swift */ = {isa = PBXFileReference; fileEncoding = 4; lastKnownFileType = sourcecode.swift; path = NoteView.swift; sourceTree = "<group>"; };
		3B99A69C1E2DDC6C00D4B088 /* Pattern.swift */ = {isa = PBXFileReference; fileEncoding = 4; lastKnownFileType = sourcecode.swift; path = Pattern.swift; sourceTree = "<group>"; };
		3BD99D4E1E505F3A00767519 /* Quality.swift */ = {isa = PBXFileReference; fileEncoding = 4; lastKnownFileType = sourcecode.swift; path = Quality.swift; sourceTree = "<group>"; };
		3BD99D501E5066AF00767519 /* Progression.swift */ = {isa = PBXFileReference; fileEncoding = 4; lastKnownFileType = sourcecode.swift; path = Progression.swift; sourceTree = "<group>"; };
		3BF744B71E4FEF5500BBFB7D /* DiatonicNote.swift */ = {isa = PBXFileReference; fileEncoding = 4; lastKnownFileType = sourcecode.swift; path = DiatonicNote.swift; sourceTree = "<group>"; };
		3BF744B91E4FEFEF00BBFB7D /* Alteration.swift */ = {isa = PBXFileReference; fileEncoding = 4; lastKnownFileType = sourcecode.swift; path = Alteration.swift; sourceTree = "<group>"; };
		3BF744BB1E4FF01600BBFB7D /* Utilities.swift */ = {isa = PBXFileReference; fileEncoding = 4; lastKnownFileType = sourcecode.swift; path = Utilities.swift; sourceTree = "<group>"; };
		3BF744BD1E505AFF00BBFB7D /* Chord.swift */ = {isa = PBXFileReference; fileEncoding = 4; lastKnownFileType = sourcecode.swift; path = Chord.swift; sourceTree = "<group>"; };
		3BFAE6A71E248C6E00C049DF /* Strings.app */ = {isa = PBXFileReference; explicitFileType = wrapper.application; includeInIndex = 0; path = Strings.app; sourceTree = BUILT_PRODUCTS_DIR; };
		3BFAE6AA1E248C6E00C049DF /* AppDelegate.swift */ = {isa = PBXFileReference; lastKnownFileType = sourcecode.swift; path = AppDelegate.swift; sourceTree = "<group>"; };
		3BFAE6AD1E248C6E00C049DF /* Strings.xcdatamodel */ = {isa = PBXFileReference; lastKnownFileType = wrapper.xcdatamodel; path = Strings.xcdatamodel; sourceTree = "<group>"; };
		3BFAE6AF1E248C6E00C049DF /* MasterViewController.swift */ = {isa = PBXFileReference; lastKnownFileType = sourcecode.swift; path = MasterViewController.swift; sourceTree = "<group>"; };
		3BFAE6B11E248C6E00C049DF /* DetailViewController.swift */ = {isa = PBXFileReference; lastKnownFileType = sourcecode.swift; path = DetailViewController.swift; sourceTree = "<group>"; };
		3BFAE6B41E248C6E00C049DF /* Base */ = {isa = PBXFileReference; lastKnownFileType = file.storyboard; name = Base; path = Base.lproj/Main.storyboard; sourceTree = "<group>"; };
		3BFAE6B61E248C6E00C049DF /* Assets.xcassets */ = {isa = PBXFileReference; lastKnownFileType = folder.assetcatalog; path = Assets.xcassets; sourceTree = "<group>"; };
		3BFAE6B91E248C6E00C049DF /* Base */ = {isa = PBXFileReference; lastKnownFileType = file.storyboard; name = Base; path = Base.lproj/LaunchScreen.storyboard; sourceTree = "<group>"; };
		3BFAE6BB1E248C6E00C049DF /* Info.plist */ = {isa = PBXFileReference; lastKnownFileType = text.plist.xml; path = Info.plist; sourceTree = "<group>"; };
		3BFAE6DD1E248D4400C049DF /* StringsView.swift */ = {isa = PBXFileReference; fileEncoding = 4; lastKnownFileType = sourcecode.swift; path = StringsView.swift; sourceTree = "<group>"; };
		3BFAE6DF1E24AF2000C049DF /* Scales.swift */ = {isa = PBXFileReference; fileEncoding = 4; lastKnownFileType = sourcecode.swift; path = Scales.swift; sourceTree = "<group>"; };
/* End PBXFileReference section */

/* Begin PBXFrameworksBuildPhase section */
		3B18D5841E56AFAE00E726E3 /* Frameworks */ = {
			isa = PBXFrameworksBuildPhase;
			buildActionMask = 2147483647;
			files = (
			);
			runOnlyForDeploymentPostprocessing = 0;
		};
		3BFAE6A41E248C6E00C049DF /* Frameworks */ = {
			isa = PBXFrameworksBuildPhase;
			buildActionMask = 2147483647;
			files = (
			);
			runOnlyForDeploymentPostprocessing = 0;
		};
/* End PBXFrameworksBuildPhase section */

/* Begin PBXGroup section */
		3B18D5881E56AFAE00E726E3 /* StringsTests */ = {
			isa = PBXGroup;
			children = (
				3B18D5891E56AFAE00E726E3 /* StringsTests.swift */,
				3B18D58B1E56AFAE00E726E3 /* Info.plist */,
			);
			path = StringsTests;
			sourceTree = "<group>";
		};
		3BF744BF1E505BDA00BBFB7D /* Models */ = {
			isa = PBXGroup;
			children = (
				3B33C8821E4E717900CE2D98 /* ChromaticNote.swift */,
				3BF744B71E4FEF5500BBFB7D /* DiatonicNote.swift */,
				3BF744B91E4FEFEF00BBFB7D /* Alteration.swift */,
				3BF744BD1E505AFF00BBFB7D /* Chord.swift */,
				3BD99D4E1E505F3A00767519 /* Quality.swift */,
				3BD99D501E5066AF00767519 /* Progression.swift */,
				3B99A69C1E2DDC6C00D4B088 /* Pattern.swift */,
				3BFAE6DF1E24AF2000C049DF /* Scales.swift */,
			);
			name = Models;
			sourceTree = "<group>";
		};
		3BFAE69E1E248C6E00C049DF = {
			isa = PBXGroup;
			children = (
				3BFAE6A91E248C6E00C049DF /* Strings */,
				3B18D5881E56AFAE00E726E3 /* StringsTests */,
				3BFAE6A81E248C6E00C049DF /* Products */,
			);
			sourceTree = "<group>";
		};
		3BFAE6A81E248C6E00C049DF /* Products */ = {
			isa = PBXGroup;
			children = (
				3BFAE6A71E248C6E00C049DF /* Strings.app */,
				3B18D5871E56AFAE00E726E3 /* StringsTests.xctest */,
			);
			name = Products;
			sourceTree = "<group>";
		};
		3BFAE6A91E248C6E00C049DF /* Strings */ = {
			isa = PBXGroup;
			children = (
				3BF744BF1E505BDA00BBFB7D /* Models */,
				3BFAE6AA1E248C6E00C049DF /* AppDelegate.swift */,
				3BFAE6AF1E248C6E00C049DF /* MasterViewController.swift */,
				3BFAE6B11E248C6E00C049DF /* DetailViewController.swift */,
				3BFAE6DD1E248D4400C049DF /* StringsView.swift */,
				3B390F891E557DCF00612772 /* NoteView.swift */,
				3B33C8801E4E645600CE2D98 /* ColorMap.swift */,
				3BF744BB1E4FF01600BBFB7D /* Utilities.swift */,
				3B2BD8CD1E39AB44008188E7 /* Types.swift */,
				3BFAE6B31E248C6E00C049DF /* Main.storyboard */,
				3BFAE6B61E248C6E00C049DF /* Assets.xcassets */,
				3BFAE6B81E248C6E00C049DF /* LaunchScreen.storyboard */,
				3BFAE6BB1E248C6E00C049DF /* Info.plist */,
				3BFAE6AC1E248C6E00C049DF /* Strings.xcdatamodeld */,
			);
			path = Strings;
			sourceTree = "<group>";
		};
/* End PBXGroup section */

/* Begin PBXNativeTarget section */
		3B18D5861E56AFAE00E726E3 /* StringsTests */ = {
			isa = PBXNativeTarget;
			buildConfigurationList = 3B18D58E1E56AFAE00E726E3 /* Build configuration list for PBXNativeTarget "StringsTests" */;
			buildPhases = (
				3B18D5831E56AFAE00E726E3 /* Sources */,
				3B18D5841E56AFAE00E726E3 /* Frameworks */,
				3B18D5851E56AFAE00E726E3 /* Resources */,
			);
			buildRules = (
			);
			dependencies = (
				3B18D58D1E56AFAE00E726E3 /* PBXTargetDependency */,
			);
			name = StringsTests;
			productName = StringsTests;
			productReference = 3B18D5871E56AFAE00E726E3 /* StringsTests.xctest */;
			productType = "com.apple.product-type.bundle.unit-test";
		};
		3BFAE6A61E248C6E00C049DF /* Strings */ = {
			isa = PBXNativeTarget;
			buildConfigurationList = 3BFAE6D41E248C6E00C049DF /* Build configuration list for PBXNativeTarget "Strings" */;
			buildPhases = (
				3BFAE6A31E248C6E00C049DF /* Sources */,
				3BFAE6A41E248C6E00C049DF /* Frameworks */,
				3BFAE6A51E248C6E00C049DF /* Resources */,
			);
			buildRules = (
			);
			dependencies = (
			);
			name = Strings;
			productName = Strings;
			productReference = 3BFAE6A71E248C6E00C049DF /* Strings.app */;
			productType = "com.apple.product-type.application";
		};
/* End PBXNativeTarget section */

/* Begin PBXProject section */
		3BFAE69F1E248C6E00C049DF /* Project object */ = {
			isa = PBXProject;
			attributes = {
				LastSwiftUpdateCheck = 0820;
				LastUpgradeCheck = 0900;
				ORGANIZATIONNAME = "Secret Geometry, Inc.";
				TargetAttributes = {
					3B18D5861E56AFAE00E726E3 = {
						CreatedOnToolsVersion = 8.2.1;
						DevelopmentTeam = B55ZL2Y7PW;
						LastSwiftMigration = 0900;
						ProvisioningStyle = Automatic;
						TestTargetID = 3BFAE6A61E248C6E00C049DF;
					};
					3BFAE6A61E248C6E00C049DF = {
						CreatedOnToolsVersion = 8.2;
						DevelopmentTeam = B55ZL2Y7PW;
						LastSwiftMigration = 0900;
						ProvisioningStyle = Automatic;
					};
				};
			};
			buildConfigurationList = 3BFAE6A21E248C6E00C049DF /* Build configuration list for PBXProject "Strings" */;
			compatibilityVersion = "Xcode 3.2";
			developmentRegion = English;
			hasScannedForEncodings = 0;
			knownRegions = (
				en,
				Base,
			);
			mainGroup = 3BFAE69E1E248C6E00C049DF;
			productRefGroup = 3BFAE6A81E248C6E00C049DF /* Products */;
			projectDirPath = "";
			projectRoot = "";
			targets = (
				3BFAE6A61E248C6E00C049DF /* Strings */,
				3B18D5861E56AFAE00E726E3 /* StringsTests */,
			);
		};
/* End PBXProject section */

/* Begin PBXResourcesBuildPhase section */
		3B18D5851E56AFAE00E726E3 /* Resources */ = {
			isa = PBXResourcesBuildPhase;
			buildActionMask = 2147483647;
			files = (
			);
			runOnlyForDeploymentPostprocessing = 0;
		};
		3BFAE6A51E248C6E00C049DF /* Resources */ = {
			isa = PBXResourcesBuildPhase;
			buildActionMask = 2147483647;
			files = (
				3BFAE6BA1E248C6E00C049DF /* LaunchScreen.storyboard in Resources */,
				3BFAE6B71E248C6E00C049DF /* Assets.xcassets in Resources */,
				3BFAE6B51E248C6E00C049DF /* Main.storyboard in Resources */,
			);
			runOnlyForDeploymentPostprocessing = 0;
		};
/* End PBXResourcesBuildPhase section */

/* Begin PBXSourcesBuildPhase section */
		3B18D5831E56AFAE00E726E3 /* Sources */ = {
			isa = PBXSourcesBuildPhase;
			buildActionMask = 2147483647;
			files = (
				3B18D5D01E56B40200E726E3 /* ChromaticNote.swift in Sources */,
				3B18D5D11E56B40200E726E3 /* DiatonicNote.swift in Sources */,
				3B18D5D21E56B40200E726E3 /* Alteration.swift in Sources */,
				3B18D5D31E56B40200E726E3 /* Chord.swift in Sources */,
				3B18D5D41E56B40200E726E3 /* Quality.swift in Sources */,
				3B18D5D51E56B40200E726E3 /* Progression.swift in Sources */,
				3B18D5D61E56B40200E726E3 /* Pattern.swift in Sources */,
				3B18D5D71E56B40200E726E3 /* Scales.swift in Sources */,
				3B18D58A1E56AFAE00E726E3 /* StringsTests.swift in Sources */,
			);
			runOnlyForDeploymentPostprocessing = 0;
		};
		3BFAE6A31E248C6E00C049DF /* Sources */ = {
			isa = PBXSourcesBuildPhase;
			buildActionMask = 2147483647;
			files = (
				3BFAE6E01E24AF2000C049DF /* Scales.swift in Sources */,
				3BFAE6AE1E248C6E00C049DF /* Strings.xcdatamodeld in Sources */,
				3BF744B81E4FEF5500BBFB7D /* DiatonicNote.swift in Sources */,
				3BFAE6DE1E248D4400C049DF /* StringsView.swift in Sources */,
				3BF744BC1E4FF01600BBFB7D /* Utilities.swift in Sources */,
				3B2BD8CE1E39AB44008188E7 /* Types.swift in Sources */,
				3BF744BE1E505AFF00BBFB7D /* Chord.swift in Sources */,
				3BD99D511E5066AF00767519 /* Progression.swift in Sources */,
				3BD99D4F1E505F3A00767519 /* Quality.swift in Sources */,
				3BFAE6AB1E248C6E00C049DF /* AppDelegate.swift in Sources */,
				3BF744BA1E4FEFEF00BBFB7D /* Alteration.swift in Sources */,
				3B33C8831E4E717900CE2D98 /* ChromaticNote.swift in Sources */,
				3B390F8A1E557DCF00612772 /* NoteView.swift in Sources */,
				3BFAE6B01E248C6E00C049DF /* MasterViewController.swift in Sources */,
				3B99A69D1E2DDC6D00D4B088 /* Pattern.swift in Sources */,
				3BFAE6B21E248C6E00C049DF /* DetailViewController.swift in Sources */,
				3B33C8811E4E645600CE2D98 /* ColorMap.swift in Sources */,
			);
			runOnlyForDeploymentPostprocessing = 0;
		};
/* End PBXSourcesBuildPhase section */

/* Begin PBXTargetDependency section */
		3B18D58D1E56AFAE00E726E3 /* PBXTargetDependency */ = {
			isa = PBXTargetDependency;
			target = 3BFAE6A61E248C6E00C049DF /* Strings */;
			targetProxy = 3B18D58C1E56AFAE00E726E3 /* PBXContainerItemProxy */;
		};
/* End PBXTargetDependency section */

/* Begin PBXVariantGroup section */
		3BFAE6B31E248C6E00C049DF /* Main.storyboard */ = {
			isa = PBXVariantGroup;
			children = (
				3BFAE6B41E248C6E00C049DF /* Base */,
			);
			name = Main.storyboard;
			sourceTree = "<group>";
		};
		3BFAE6B81E248C6E00C049DF /* LaunchScreen.storyboard */ = {
			isa = PBXVariantGroup;
			children = (
				3BFAE6B91E248C6E00C049DF /* Base */,
			);
			name = LaunchScreen.storyboard;
			sourceTree = "<group>";
		};
/* End PBXVariantGroup section */

/* Begin XCBuildConfiguration section */
		3B18D58F1E56AFAE00E726E3 /* Debug */ = {
			isa = XCBuildConfiguration;
			buildSettings = {
				BUNDLE_LOADER = "$(TEST_HOST)";
				DEVELOPMENT_TEAM = B55ZL2Y7PW;
				INFOPLIST_FILE = StringsTests/Info.plist;
				LD_RUNPATH_SEARCH_PATHS = "$(inherited) @executable_path/Frameworks @loader_path/Frameworks";
				PRODUCT_BUNDLE_IDENTIFIER = com.secretgeometry.StringsTests;
				PRODUCT_NAME = "$(TARGET_NAME)";
				SWIFT_SWIFT3_OBJC_INFERENCE = On;
				SWIFT_VERSION = 4.0;
				TEST_HOST = "$(BUILT_PRODUCTS_DIR)/Strings.app/Strings";
			};
			name = Debug;
		};
		3B18D5901E56AFAE00E726E3 /* Release */ = {
			isa = XCBuildConfiguration;
			buildSettings = {
				BUNDLE_LOADER = "$(TEST_HOST)";
				DEVELOPMENT_TEAM = B55ZL2Y7PW;
				INFOPLIST_FILE = StringsTests/Info.plist;
				LD_RUNPATH_SEARCH_PATHS = "$(inherited) @executable_path/Frameworks @loader_path/Frameworks";
				PRODUCT_BUNDLE_IDENTIFIER = com.secretgeometry.StringsTests;
				PRODUCT_NAME = "$(TARGET_NAME)";
				SWIFT_SWIFT3_OBJC_INFERENCE = On;
				SWIFT_VERSION = 4.0;
				TEST_HOST = "$(BUILT_PRODUCTS_DIR)/Strings.app/Strings";
			};
			name = Release;
		};
		3BFAE6D21E248C6E00C049DF /* Debug */ = {
			isa = XCBuildConfiguration;
			buildSettings = {
				ALWAYS_SEARCH_USER_PATHS = NO;
				CLANG_ANALYZER_NONNULL = YES;
				CLANG_CXX_LANGUAGE_STANDARD = "gnu++0x";
				CLANG_CXX_LIBRARY = "libc++";
				CLANG_ENABLE_MODULES = YES;
				CLANG_ENABLE_OBJC_ARC = YES;
				CLANG_WARN_BLOCK_CAPTURE_AUTORELEASING = YES;
				CLANG_WARN_BOOL_CONVERSION = YES;
				CLANG_WARN_COMMA = YES;
				CLANG_WARN_CONSTANT_CONVERSION = YES;
				CLANG_WARN_DIRECT_OBJC_ISA_USAGE = YES_ERROR;
				CLANG_WARN_DOCUMENTATION_COMMENTS = YES;
				CLANG_WARN_EMPTY_BODY = YES;
				CLANG_WARN_ENUM_CONVERSION = YES;
				CLANG_WARN_INFINITE_RECURSION = YES;
				CLANG_WARN_INT_CONVERSION = YES;
				CLANG_WARN_NON_LITERAL_NULL_CONVERSION = YES;
				CLANG_WARN_OBJC_LITERAL_CONVERSION = YES;
				CLANG_WARN_OBJC_ROOT_CLASS = YES_ERROR;
				CLANG_WARN_RANGE_LOOP_ANALYSIS = YES;
				CLANG_WARN_STRICT_PROTOTYPES = YES;
				CLANG_WARN_SUSPICIOUS_MOVE = YES;
				CLANG_WARN_UNREACHABLE_CODE = YES;
				CLANG_WARN__DUPLICATE_METHOD_MATCH = YES;
				"CODE_SIGN_IDENTITY[sdk=iphoneos*]" = "iPhone Developer";
				COPY_PHASE_STRIP = NO;
				DEBUG_INFORMATION_FORMAT = dwarf;
				ENABLE_STRICT_OBJC_MSGSEND = YES;
				ENABLE_TESTABILITY = YES;
				GCC_C_LANGUAGE_STANDARD = gnu99;
				GCC_DYNAMIC_NO_PIC = NO;
				GCC_NO_COMMON_BLOCKS = YES;
				GCC_OPTIMIZATION_LEVEL = 0;
				GCC_PREPROCESSOR_DEFINITIONS = (
					"DEBUG=1",
					"$(inherited)",
				);
				GCC_WARN_64_TO_32_BIT_CONVERSION = YES;
				GCC_WARN_ABOUT_RETURN_TYPE = YES_ERROR;
				GCC_WARN_UNDECLARED_SELECTOR = YES;
				GCC_WARN_UNINITIALIZED_AUTOS = YES_AGGRESSIVE;
				GCC_WARN_UNUSED_FUNCTION = YES;
				GCC_WARN_UNUSED_VARIABLE = YES;
				IPHONEOS_DEPLOYMENT_TARGET = 10.2;
				MTL_ENABLE_DEBUG_INFO = YES;
				ONLY_ACTIVE_ARCH = YES;
				SDKROOT = iphoneos;
				SWIFT_ACTIVE_COMPILATION_CONDITIONS = DEBUG;
				SWIFT_OPTIMIZATION_LEVEL = "-Onone";
				TARGETED_DEVICE_FAMILY = "1,2";
			};
			name = Debug;
		};
		3BFAE6D31E248C6E00C049DF /* Release */ = {
			isa = XCBuildConfiguration;
			buildSettings = {
				ALWAYS_SEARCH_USER_PATHS = NO;
				CLANG_ANALYZER_NONNULL = YES;
				CLANG_CXX_LANGUAGE_STANDARD = "gnu++0x";
				CLANG_CXX_LIBRARY = "libc++";
				CLANG_ENABLE_MODULES = YES;
				CLANG_ENABLE_OBJC_ARC = YES;
				CLANG_WARN_BLOCK_CAPTURE_AUTORELEASING = YES;
				CLANG_WARN_BOOL_CONVERSION = YES;
				CLANG_WARN_COMMA = YES;
				CLANG_WARN_CONSTANT_CONVERSION = YES;
				CLANG_WARN_DIRECT_OBJC_ISA_USAGE = YES_ERROR;
				CLANG_WARN_DOCUMENTATION_COMMENTS = YES;
				CLANG_WARN_EMPTY_BODY = YES;
				CLANG_WARN_ENUM_CONVERSION = YES;
				CLANG_WARN_INFINITE_RECURSION = YES;
				CLANG_WARN_INT_CONVERSION = YES;
				CLANG_WARN_NON_LITERAL_NULL_CONVERSION = YES;
				CLANG_WARN_OBJC_LITERAL_CONVERSION = YES;
				CLANG_WARN_OBJC_ROOT_CLASS = YES_ERROR;
				CLANG_WARN_RANGE_LOOP_ANALYSIS = YES;
				CLANG_WARN_STRICT_PROTOTYPES = YES;
				CLANG_WARN_SUSPICIOUS_MOVE = YES;
				CLANG_WARN_UNREACHABLE_CODE = YES;
				CLANG_WARN__DUPLICATE_METHOD_MATCH = YES;
				"CODE_SIGN_IDENTITY[sdk=iphoneos*]" = "iPhone Developer";
				COPY_PHASE_STRIP = NO;
				DEBUG_INFORMATION_FORMAT = "dwarf-with-dsym";
				ENABLE_NS_ASSERTIONS = NO;
				ENABLE_STRICT_OBJC_MSGSEND = YES;
				GCC_C_LANGUAGE_STANDARD = gnu99;
				GCC_NO_COMMON_BLOCKS = YES;
				GCC_WARN_64_TO_32_BIT_CONVERSION = YES;
				GCC_WARN_ABOUT_RETURN_TYPE = YES_ERROR;
				GCC_WARN_UNDECLARED_SELECTOR = YES;
				GCC_WARN_UNINITIALIZED_AUTOS = YES_AGGRESSIVE;
				GCC_WARN_UNUSED_FUNCTION = YES;
				GCC_WARN_UNUSED_VARIABLE = YES;
				IPHONEOS_DEPLOYMENT_TARGET = 10.2;
				MTL_ENABLE_DEBUG_INFO = NO;
				SDKROOT = iphoneos;
				SWIFT_OPTIMIZATION_LEVEL = "-Owholemodule";
				TARGETED_DEVICE_FAMILY = "1,2";
				VALIDATE_PRODUCT = YES;
			};
			name = Release;
		};
		3BFAE6D51E248C6E00C049DF /* Debug */ = {
			isa = XCBuildConfiguration;
			buildSettings = {
				ASSETCATALOG_COMPILER_APPICON_NAME = AppIcon;
				DEVELOPMENT_TEAM = B55ZL2Y7PW;
				INFOPLIST_FILE = Strings/Info.plist;
				LD_RUNPATH_SEARCH_PATHS = "$(inherited) @executable_path/Frameworks";
				PRODUCT_BUNDLE_IDENTIFIER = com.secretgeometry.Strings;
				PRODUCT_NAME = "$(TARGET_NAME)";
				SWIFT_VERSION = 4.0;
			};
			name = Debug;
		};
		3BFAE6D61E248C6E00C049DF /* Release */ = {
			isa = XCBuildConfiguration;
			buildSettings = {
				ASSETCATALOG_COMPILER_APPICON_NAME = AppIcon;
				DEVELOPMENT_TEAM = B55ZL2Y7PW;
				INFOPLIST_FILE = Strings/Info.plist;
				LD_RUNPATH_SEARCH_PATHS = "$(inherited) @executable_path/Frameworks";
				PRODUCT_BUNDLE_IDENTIFIER = com.secretgeometry.Strings;
				PRODUCT_NAME = "$(TARGET_NAME)";
				SWIFT_VERSION = 4.0;
			};
			name = Release;
		};
/* End XCBuildConfiguration section */

/* Begin XCConfigurationList section */
		3B18D58E1E56AFAE00E726E3 /* Build configuration list for PBXNativeTarget "StringsTests" */ = {
			isa = XCConfigurationList;
			buildConfigurations = (
				3B18D58F1E56AFAE00E726E3 /* Debug */,
				3B18D5901E56AFAE00E726E3 /* Release */,
			);
			defaultConfigurationIsVisible = 0;
			defaultConfigurationName = Release;
		};
		3BFAE6A21E248C6E00C049DF /* Build configuration list for PBXProject "Strings" */ = {
			isa = XCConfigurationList;
			buildConfigurations = (
				3BFAE6D21E248C6E00C049DF /* Debug */,
				3BFAE6D31E248C6E00C049DF /* Release */,
			);
			defaultConfigurationIsVisible = 0;
			defaultConfigurationName = Release;
		};
		3BFAE6D41E248C6E00C049DF /* Build configuration list for PBXNativeTarget "Strings" */ = {
			isa = XCConfigurationList;
			buildConfigurations = (
				3BFAE6D51E248C6E00C049DF /* Debug */,
				3BFAE6D61E248C6E00C049DF /* Release */,
			);
			defaultConfigurationIsVisible = 0;
			defaultConfigurationName = Release;
		};
/* End XCConfigurationList section */

/* Begin XCVersionGroup section */
		3BFAE6AC1E248C6E00C049DF /* Strings.xcdatamodeld */ = {
			isa = XCVersionGroup;
			children = (
				3BFAE6AD1E248C6E00C049DF /* Strings.xcdatamodel */,
			);
			currentVersion = 3BFAE6AD1E248C6E00C049DF /* Strings.xcdatamodel */;
			path = Strings.xcdatamodeld;
			sourceTree = "<group>";
			versionGroupType = wrapper.xcdatamodel;
		};
/* End XCVersionGroup section */
	};
	rootObject = 3BFAE69F1E248C6E00C049DF /* Project object */;
}
